
Microsoft Visual Studio Solution File, Format Version 12.00
# Visual Studio Version 16
VisualStudioVersion = 16.0.31729.503
MinimumVisualStudioVersion = 10.0.40219.1
Project("{FAE04EC0-301F-11D3-BF4B-00C04F79EFBC}") = "Project5.WebSite", "Project5.WebSite\Project5.WebSite.csproj", "{693B7741-E564-4805-8FCA-469E727165E4}"
EndProject
Project("{FAE04EC0-301F-11D3-BF4B-00C04F79EFBC}") = "Library", "Library\Library.csproj", "{DCC18427-0C13-418B-AA6D-171D0514053B}"
EndProject
Global
	GlobalSection(SolutionConfigurationPlatforms) = preSolution
		Debug|Any CPU = Debug|Any CPU
		Release|Any CPU = Release|Any CPU
	EndGlobalSection
	GlobalSection(ProjectConfigurationPlatforms) = postSolution
		{693B7741-E564-4805-8FCA-469E727165E4}.Debug|Any CPU.ActiveCfg = Debug|Any CPU
		{693B7741-E564-4805-8FCA-469E727165E4}.Debug|Any CPU.Build.0 = Debug|Any CPU
		{693B7741-E564-4805-8FCA-469E727165E4}.Release|Any CPU.ActiveCfg = Release|Any CPU
		{693B7741-E564-4805-8FCA-469E727165E4}.Release|Any CPU.Build.0 = Release|Any CPU
		{DCC18427-0C13-418B-AA6D-171D0514053B}.Debug|Any CPU.ActiveCfg = Debug|Any CPU
		{DCC18427-0C13-418B-AA6D-171D0514053B}.Debug|Any CPU.Build.0 = Debug|Any CPU
		{DCC18427-0C13-418B-AA6D-171D0514053B}.Release|Any CPU.ActiveCfg = Release|Any CPU
		{DCC18427-0C13-418B-AA6D-171D0514053B}.Release|Any CPU.Build.0 = Release|Any CPU
	EndGlobalSection
	GlobalSection(SolutionProperties) = preSolution
		HideSolutionNode = FALSE
	EndGlobalSection
	GlobalSection(ExtensibilityGlobals) = postSolution
		SolutionGuid = {3810D0A0-CF59-4399-84AC-813BEF2E5B69}
	EndGlobalSection
EndGlobal
